{
  "version": 4,
  "terraform_version": "1.4.4",
  "serial": 3,
  "lineage": "2ddb9ea6-3f52-8722-9100-6027400a28c4",
  "outputs": {},
  "resources": [
    {
      "mode": "managed",
      "type": "aws_instance",
      "name": "EX-3-Deployment",
      "provider": "provider[\"registry.terraform.io/hashicorp/aws\"]",
      "instances": [
        {
          "status": "tainted",
          "schema_version": 1,
          "attributes": {
            "ami": "ami-007855ac798b5175e",
            "arn": "arn:aws:ec2:us-east-1:530509391718:instance/i-0696d8985f00fd0b0",
            "associate_public_ip_address": true,
            "availability_zone": "us-east-1a",
            "capacity_reservation_specification": [
              {
                "capacity_reservation_preference": "open",
                "capacity_reservation_target": []
              }
            ],
            "cpu_core_count": 1,
            "cpu_threads_per_core": 1,
            "credit_specification": [
              {
                "cpu_credits": "standard"
              }
            ],
            "disable_api_stop": false,
            "disable_api_termination": false,
            "ebs_block_device": [],
            "ebs_optimized": false,
            "enclave_options": [
              {
                "enabled": false
              }
            ],
            "ephemeral_block_device": [],
            "get_password_data": false,
            "hibernation": false,
            "host_id": "",
            "host_resource_group_arn": null,
            "iam_instance_profile": "",
            "id": "i-0696d8985f00fd0b0",
            "instance_initiated_shutdown_behavior": "stop",
            "instance_state": "running",
            "instance_type": "t2.micro",
            "ipv6_address_count": 0,
            "ipv6_addresses": [],
            "key_name": "ec2FirstDep",
            "launch_template": [],
            "maintenance_options": [
              {
                "auto_recovery": "default"
              }
            ],
            "metadata_options": [
              {
                "http_endpoint": "enabled",
                "http_put_response_hop_limit": 1,
                "http_tokens": "optional",
                "instance_metadata_tags": "disabled"
              }
            ],
            "monitoring": false,
            "network_interface": [],
            "outpost_arn": "",
            "password_data": "",
            "placement_group": "",
            "placement_partition_number": 0,
            "primary_network_interface_id": "eni-0352c69a4c0e47e4b",
            "private_dns": "ip-172-31-89-165.ec2.internal",
            "private_dns_name_options": [
              {
                "enable_resource_name_dns_a_record": false,
                "enable_resource_name_dns_aaaa_record": false,
                "hostname_type": "ip-name"
              }
            ],
            "private_ip": "172.31.89.165",
            "public_dns": "ec2-35-174-173-15.compute-1.amazonaws.com",
            "public_ip": "35.174.173.15",
            "root_block_device": [
              {
                "delete_on_termination": true,
                "device_name": "/dev/sda1",
                "encrypted": false,
                "iops": 100,
                "kms_key_id": "",
                "tags": {},
                "throughput": 0,
                "volume_id": "vol-0de85fea3ebe73d59",
                "volume_size": 8,
                "volume_type": "gp2"
              }
            ],
            "secondary_private_ips": [],
            "security_groups": [
              "launch-wizard-1"
            ],
            "source_dest_check": true,
            "subnet_id": "subnet-0873ce3adf520bcf0",
            "tags": {
              "Name": "first-deployment"
            },
            "tags_all": {
              "Name": "first-deployment"
            },
            "tenancy": "default",
            "timeouts": null,
            "user_data": null,
            "user_data_base64": null,
            "user_data_replace_on_change": false,
            "volume_tags": null,
            "vpc_security_group_ids": [
              "sg-0a48f1ad8006d2cb9"
            ]
          },
          "sensitive_attributes": [],
          "private": "eyJlMmJmYjczMC1lY2FhLTExZTYtOGY4OC0zNDM2M2JjN2M0YzAiOnsiY3JlYXRlIjo2MDAwMDAwMDAwMDAsImRlbGV0ZSI6MTIwMDAwMDAwMDAwMCwidXBkYXRlIjo2MDAwMDAwMDAwMDB9LCJzY2hlbWFfdmVyc2lvbiI6IjEifQ==",
          "dependencies": [
            "aws_key_pair.first-dep"
          ]
        }
      ]
    },
    {
      "mode": "managed",
      "type": "aws_key_pair",
      "name": "first-dep",
      "provider": "provider[\"registry.terraform.io/hashicorp/aws\"]",
      "instances": [
        {
          "schema_version": 1,
          "attributes": {
            "arn": "arn:aws:ec2:us-east-1:530509391718:key-pair/ec2FirstDep",
            "fingerprint": "d7:0f:55:97:18:6c:5c:bd:62:66:e6:75:00:b4:70:d6",
            "id": "ec2FirstDep",
            "key_name": "ec2FirstDep",
            "key_name_prefix": "",
            "key_pair_id": "key-08a8670375a9e5667",
            "key_type": "rsa",
            "public_key": "ssh-rsa AAAAB3NzaC1yc2EAAAADAQABAAABgQDFUYInuv3C6XRQ1cECQj3htXTO/ZxJn3sjzH0FYtlasuo1qy2o/nk2dxrIO+Ci4oq7nF7J7sjoVv8LOJ4GRIJHresswzCG3hAgcXDyV06LKjASt9J6FD0Rj92120YkO5yq+P8bH4PES8XmO44Wud9ZRKHcLDlOoqzq3w/gnJ/Cj+0OOQHkcm+Kx+GOj5/8++b7T3Up3x/fP8/HrvnJXRafEztrhQD3N0YNC6f0JgtBgKtco4SJjApJHp06ZmomDTtHi9itIhmA7phYw+WU/nd48PvRhdx5JkKUxjK1vqomzoKWZ7h9VZottXPws1ne26CL2htNTldhzX3O/Q6BIaCGJcWFVqLephS0sj4cuIbHi3FCf5GZoek2FLcAnS1Q+UxFRw/LpbsA5GE1JP7jkH6hLuzSN45BMw44eQdvyWDI8BwUSFfwDvPUu5G/rTj/2cLF8vonGv6vq2yrgVoE2SOCztuNeItArXwGoYhENWwuzHX1Z+3isP6fepQpYeFF6kE= ahtasham ul hassan@DESKTOP-FOKA3A7",
            "tags": null,
            "tags_all": {}
          },
          "sensitive_attributes": [],
          "private": "eyJzY2hlbWFfdmVyc2lvbiI6IjEifQ=="
        }
      ]
    }
  ],
  "check_results": null
}
